
Microsoft Visual Studio Solution File, Format Version 12.00
# Visual Studio 2012
Project("{FAE04EC0-301F-11D3-BF4B-00C04F79EFBC}") = "SignalR.RavenDB", "src\SignalR.RavenDB\SignalR.RavenDB.csproj", "{38D521CC-001C-48E8-80BF-B4D3F9CAEE37}"
EndProject
Global
	GlobalSection(SolutionConfigurationPlatforms) = preSolution
		Debug|Any CPU = Debug|Any CPU
		Release|Any CPU = Release|Any CPU
	EndGlobalSection
	GlobalSection(ProjectConfigurationPlatforms) = postSolution
		{38D521CC-001C-48E8-80BF-B4D3F9CAEE37}.Debug|Any CPU.ActiveCfg = Debug|Any CPU
		{38D521CC-001C-48E8-80BF-B4D3F9CAEE37}.Debug|Any CPU.Build.0 = Debug|Any CPU
		{38D521CC-001C-48E8-80BF-B4D3F9CAEE37}.Release|Any CPU.ActiveCfg = Release|Any CPU
		{38D521CC-001C-48E8-80BF-B4D3F9CAEE37}.Release|Any CPU.Build.0 = Release|Any CPU
	EndGlobalSection
	GlobalSection(SolutionProperties) = preSolution
		HideSolutionNode = FALSE
	EndGlobalSection
EndGlobal
