
Microsoft Visual Studio Solution File, Format Version 12.00
# Visual Studio 2012
Project("{FAE04EC0-301F-11D3-BF4B-00C04F79EFBC}") = "SignalR.RavenDB", "src\SignalR.RavenDB\SignalR.RavenDB.csproj", "{B3379D24-927D-4BF5-AF77-17F18360CD20}"
EndProject
Global
	GlobalSection(SolutionConfigurationPlatforms) = preSolution
		Debug|Any CPU = Debug|Any CPU
		Release|Any CPU = Release|Any CPU
	EndGlobalSection
	GlobalSection(ProjectConfigurationPlatforms) = postSolution
		{B3379D24-927D-4BF5-AF77-17F18360CD20}.Debug|Any CPU.ActiveCfg = Debug|Any CPU
		{B3379D24-927D-4BF5-AF77-17F18360CD20}.Debug|Any CPU.Build.0 = Debug|Any CPU
		{B3379D24-927D-4BF5-AF77-17F18360CD20}.Release|Any CPU.ActiveCfg = Release|Any CPU
		{B3379D24-927D-4BF5-AF77-17F18360CD20}.Release|Any CPU.Build.0 = Release|Any CPU
	EndGlobalSection
	GlobalSection(SolutionProperties) = preSolution
		HideSolutionNode = FALSE
	EndGlobalSection
EndGlobal
